
Microsoft Visual Studio Solution File, Format Version 12.00
# Visual Studio Version 16
VisualStudioVersion = 16.0.31702.278
MinimumVisualStudioVersion = 10.0.40219.1
Project("{FAE04EC0-301F-11D3-BF4B-00C04F79EFBC}") = "HomeWork13Version2", "HomeWork13Version2\HomeWork13Version2.csproj", "{BB83ACA5-EABF-4695-B522-04A083AA914F}"
EndProject
Global
	GlobalSection(SolutionConfigurationPlatforms) = preSolution
		Debug|Any CPU = Debug|Any CPU
		Release|Any CPU = Release|Any CPU
	EndGlobalSection
	GlobalSection(ProjectConfigurationPlatforms) = postSolution
		{BB83ACA5-EABF-4695-B522-04A083AA914F}.Debug|Any CPU.ActiveCfg = Debug|Any CPU
		{BB83ACA5-EABF-4695-B522-04A083AA914F}.Debug|Any CPU.Build.0 = Debug|Any CPU
		{BB83ACA5-EABF-4695-B522-04A083AA914F}.Release|Any CPU.ActiveCfg = Release|Any CPU
		{BB83ACA5-EABF-4695-B522-04A083AA914F}.Release|Any CPU.Build.0 = Release|Any CPU
	EndGlobalSection
	GlobalSection(SolutionProperties) = preSolution
		HideSolutionNode = FALSE
	EndGlobalSection
	GlobalSection(ExtensibilityGlobals) = postSolution
		SolutionGuid = {27DCFBC7-86DA-420C-8A9D-EF8E41564C85}
	EndGlobalSection
EndGlobal
